
Microsoft Visual Studio Solution File, Format Version 12.00
# Visual Studio 15
VisualStudioVersion = 15.0.28307.1062
MinimumVisualStudioVersion = 10.0.40219.1
Project("{9A19103F-16F7-4668-BE54-9A1E7A4F7556}") = "Primitives.IO", "Primitives.IO\Primitives.IO.csproj", "{F197FD90-4100-4EE2-BA53-7C4432518C44}"
EndProject
Project("{2150E333-8FDC-42A3-9474-1A3956D46DE8}") = "Domain", "Domain", "{025AA701-C32B-4DB4-B8CD-2F50093BC674}"
EndProject
Project("{FAE04EC0-301F-11D3-BF4B-00C04F79EFBC}") = "StackOverflow.Domain.Core", "StackOverflow.Domain.Core\StackOverflow.Domain.Core.csproj", "{90C685A5-6946-4A21-BCC6-020DC179D5AD}"
EndProject
Project("{FAE04EC0-301F-11D3-BF4B-00C04F79EFBC}") = "StackOverflow.Domain.Schema", "StackOverflow.Domain.Schema\StackOverflow.Domain.Schema.csproj", "{4F6E1846-903B-4367-A50D-CE343FDEE075}"
EndProject
Project("{2150E333-8FDC-42A3-9474-1A3956D46DE8}") = "Adapters", "Adapters", "{2F6B41EA-272D-4677-BFAA-98CE8BE95C94}"
EndProject
Project("{FAE04EC0-301F-11D3-BF4B-00C04F79EFBC}") = "StackOverflowAdapters", "StackOverflowAdapters\StackOverflowAdapters.csproj", "{CF38D183-C4F8-426C-B333-63B9E887E6E7}"
EndProject
Global
	GlobalSection(SolutionConfigurationPlatforms) = preSolution
		Debug|Any CPU = Debug|Any CPU
		Release|Any CPU = Release|Any CPU
	EndGlobalSection
	GlobalSection(ProjectConfigurationPlatforms) = postSolution
		{F197FD90-4100-4EE2-BA53-7C4432518C44}.Debug|Any CPU.ActiveCfg = Debug|Any CPU
		{F197FD90-4100-4EE2-BA53-7C4432518C44}.Debug|Any CPU.Build.0 = Debug|Any CPU
		{F197FD90-4100-4EE2-BA53-7C4432518C44}.Release|Any CPU.ActiveCfg = Release|Any CPU
		{F197FD90-4100-4EE2-BA53-7C4432518C44}.Release|Any CPU.Build.0 = Release|Any CPU
		{90C685A5-6946-4A21-BCC6-020DC179D5AD}.Debug|Any CPU.ActiveCfg = Debug|Any CPU
		{90C685A5-6946-4A21-BCC6-020DC179D5AD}.Debug|Any CPU.Build.0 = Debug|Any CPU
		{90C685A5-6946-4A21-BCC6-020DC179D5AD}.Release|Any CPU.ActiveCfg = Release|Any CPU
		{90C685A5-6946-4A21-BCC6-020DC179D5AD}.Release|Any CPU.Build.0 = Release|Any CPU
		{4F6E1846-903B-4367-A50D-CE343FDEE075}.Debug|Any CPU.ActiveCfg = Debug|Any CPU
		{4F6E1846-903B-4367-A50D-CE343FDEE075}.Debug|Any CPU.Build.0 = Debug|Any CPU
		{4F6E1846-903B-4367-A50D-CE343FDEE075}.Release|Any CPU.ActiveCfg = Release|Any CPU
		{4F6E1846-903B-4367-A50D-CE343FDEE075}.Release|Any CPU.Build.0 = Release|Any CPU
		{CF38D183-C4F8-426C-B333-63B9E887E6E7}.Debug|Any CPU.ActiveCfg = Debug|Any CPU
		{CF38D183-C4F8-426C-B333-63B9E887E6E7}.Debug|Any CPU.Build.0 = Debug|Any CPU
		{CF38D183-C4F8-426C-B333-63B9E887E6E7}.Release|Any CPU.ActiveCfg = Release|Any CPU
		{CF38D183-C4F8-426C-B333-63B9E887E6E7}.Release|Any CPU.Build.0 = Release|Any CPU
	EndGlobalSection
	GlobalSection(SolutionProperties) = preSolution
		HideSolutionNode = FALSE
	EndGlobalSection
	GlobalSection(NestedProjects) = preSolution
		{90C685A5-6946-4A21-BCC6-020DC179D5AD} = {025AA701-C32B-4DB4-B8CD-2F50093BC674}
		{CF38D183-C4F8-426C-B333-63B9E887E6E7} = {2F6B41EA-272D-4677-BFAA-98CE8BE95C94}
	EndGlobalSection
	GlobalSection(ExtensibilityGlobals) = postSolution
		SolutionGuid = {FC937EAD-D7D1-4DF3-8784-2B10140F6E68}
	EndGlobalSection
EndGlobal
